{
  "name": "duration",
  "version": "1.0.0",
  "lockfileVersion": 3,
  "requires": true,
  "packages": {
    "": {
      "name": "duration",
      "version": "1.0.0",
      "license": "ISC",
      "dependencies": {
        "peggy": "^4.1.1"
      },
      "devDependencies": {
        "@types/node": "^22.8.1"
      }
    },
    "node_modules/@peggyjs/from-mem": {
      "version": "1.3.4",
      "resolved": "https://registry.npmjs.org/@peggyjs/from-mem/-/from-mem-1.3.4.tgz",
      "integrity": "sha512-6DqaCO73ihyM2AJ2Vl4QQGmmU3MoD4hFh0RFRzxPdLkSLfE0QMEyDfaojE/R3KbsL1UP4VQyJA2clwX4agSTBw==",
      "license": "MIT",
      "dependencies": {
        "semver": "7.6.3"
      },
      "engines": {
        "node": ">=18"
      }
    },
    "node_modules/@types/node": {
      "version": "22.8.1",
      "resolved": "https://registry.npmjs.org/@types/node/-/node-22.8.1.tgz",
      "integrity": "sha512-k6Gi8Yyo8EtrNtkHXutUu2corfDf9su95VYVP10aGYMMROM6SAItZi0w1XszA6RtWTHSVp5OeFof37w0IEqCQg==",
      "dev": true,
      "license": "MIT",
      "dependencies": {
        "undici-types": "~6.19.8"
      }
    },
    "node_modules/commander": {
      "version": "12.1.0",
      "license": "MIT",
      "engines": {
        "node": ">=18"
      }
    },
    "node_modules/peggy": {
      "version": "4.1.1",
      "resolved": "https://registry.npmjs.org/peggy/-/peggy-4.1.1.tgz",
      "integrity": "sha512-2emciJQKahHJpT7f1asizGSnJ8bq0TKgWMXnCrtAaSH1NIXaGifYxL5m5KMrCdlaqaQJz3SVexNkx+I+Vz66VA==",
      "license": "MIT",
      "dependencies": {
        "@peggyjs/from-mem": "1.3.4",
        "commander": "^12.1.0",
        "source-map-generator": "0.8.0"
      },
      "bin": {
        "peggy": "bin/peggy.js"
      },
      "engines": {
        "node": ">=18"
      }
    },
    "node_modules/semver": {
      "version": "7.6.3",
      "resolved": "https://registry.npmjs.org/semver/-/semver-7.6.3.tgz",
      "integrity": "sha512-oVekP1cKtI+CTDvHWYFUcMtsK/00wmAEfyqKfNdARm8u1wNVhSgaX7A8d4UuIlUI5e84iEwOhs7ZPYRmzU9U6A==",
      "license": "ISC",
      "bin": {
        "semver": "bin/semver.js"
      },
      "engines": {
        "node": ">=10"
      }
    },
    "node_modules/source-map-generator": {
      "version": "0.8.0",
      "license": "BSD-3-Clause",
      "engines": {
        "node": ">= 10"
      }
    },
    "node_modules/undici-types": {
      "version": "6.19.8",
      "resolved": "https://registry.npmjs.org/undici-types/-/undici-types-6.19.8.tgz",
      "integrity": "sha512-ve2KP6f/JnbPBFyobGHuerC9g1FYGn/F8n1LWTwNxCEzd6IfqTwUQcNXgEtmmQ6DlRrC1hrSrBnCZPokRrDHjw==",
      "dev": true,
      "license": "MIT"
    }
  }
}
